{
    "name": "substreams-sink-entity-changes",
    "version": "0.1.0",
    "lockfileVersion": 3,
    "requires": true,
    "packages": {
        "": {
            "name": "substreams-sink-entity-changes",
            "version": "0.1.0",
            "license": "MIT",
            "dependencies": {
                "@bufbuild/protobuf": "^1.3.1",
                "@substreams/core": "^0.2.0",
                "@substreams/manifest": "^0.1.0",
                "@substreams/node": "^0.2.2",
                "@types/node": "^20.8.2"
            },
            "devDependencies": {
                "@bufbuild/buf": "latest",
                "@bufbuild/protoc-gen-connect-es": "latest",
                "@bufbuild/protoc-gen-es": "latest",
                "typescript": "latest"
            }
        },
        "node_modules/@bufbuild/buf": {
            "version": "1.26.1",
            "resolved": "https://registry.npmjs.org/@bufbuild/buf/-/buf-1.26.1.tgz",
            "integrity": "sha512-NyYx4T//3ndtFYV3BfqX9Xrm1NZEx3eChXniAKc/osCVViFooC5nuLQUbyqglMonH0w39RohiURMXN+e/oEB4g==",
            "hasInstallScript": true,
            "bin": {
                "buf": "bin/buf",
                "protoc-gen-buf-breaking": "bin/protoc-gen-buf-breaking",
                "protoc-gen-buf-lint": "bin/protoc-gen-buf-lint"
            },
            "engines": {
                "node": ">=12"
            },
            "optionalDependencies": {
                "@bufbuild/buf-darwin-arm64": "1.26.1",
                "@bufbuild/buf-darwin-x64": "1.26.1",
                "@bufbuild/buf-linux-aarch64": "1.26.1",
                "@bufbuild/buf-linux-x64": "1.26.1",
                "@bufbuild/buf-win32-arm64": "1.26.1",
                "@bufbuild/buf-win32-x64": "1.26.1"
            }
        },
        "node_modules/@bufbuild/buf-darwin-arm64": {
            "version": "1.26.1",
            "resolved": "https://registry.npmjs.org/@bufbuild/buf-darwin-arm64/-/buf-darwin-arm64-1.26.1.tgz",
            "integrity": "sha512-nmyWiT/59RFja0ZuXFxjNGoAMDPTApU66CZUUevkFVWbNB9nzeQDjx2vsJyACY64k5fTgZiaelSiyppwObQknw==",
            "cpu": [
                "arm64"
            ],
            "optional": true,
            "os": [
                "darwin"
            ],
            "engines": {
                "node": ">=12"
            }
        },
        "node_modules/@bufbuild/buf-darwin-x64": {
            "version": "1.26.1",
            "resolved": "https://registry.npmjs.org/@bufbuild/buf-darwin-x64/-/buf-darwin-x64-1.26.1.tgz",
            "integrity": "sha512-jl5WmUv30OW8JiRLid9+mVx1XVH0XttpUfkQfmqDFdUHGfdy4XWYK8kr84YyWu0SiMTIt1mPXkqG5UM3x+tdIQ==",
            "cpu": [
                "x64"
            ],
            "optional": true,
            "os": [
                "darwin"
            ],
            "engines": {
                "node": ">=12"
            }
        },
        "node_modules/@bufbuild/buf-linux-aarch64": {
            "version": "1.26.1",
            "resolved": "https://registry.npmjs.org/@bufbuild/buf-linux-aarch64/-/buf-linux-aarch64-1.26.1.tgz",
            "integrity": "sha512-EedR2KDW/yDIxQKWuq1Y/g7IuwTgvelqylGVO7muMxt2JWShobyUaU6GIU8JB4yhIbqRQYCL2KqBsvDJbJtCUw==",
            "cpu": [
                "arm64"
            ],
            "optional": true,
            "os": [
                "linux"
            ],
            "engines": {
                "node": ">=12"
            }
        },
        "node_modules/@bufbuild/buf-linux-x64": {
            "version": "1.26.1",
            "resolved": "https://registry.npmjs.org/@bufbuild/buf-linux-x64/-/buf-linux-x64-1.26.1.tgz",
            "integrity": "sha512-5iFL+MmWqR4cBLVNpgsjRecdHgcTxFaIkVYlQV9q8acbaJn5rgOIjUr1tzcBao9YsL3rdBhHvKkgnQ9gi1IiTw==",
            "cpu": [
                "x64"
            ],
            "optional": true,
            "os": [
                "linux"
            ],
            "engines": {
                "node": ">=12"
            }
        },
        "node_modules/@bufbuild/buf-win32-arm64": {
            "version": "1.26.1",
            "resolved": "https://registry.npmjs.org/@bufbuild/buf-win32-arm64/-/buf-win32-arm64-1.26.1.tgz",
            "integrity": "sha512-/ayymSD12gBetN98ErkH0CBGRLTmtYAp4fmbPuvq8zuJcL0eiAnK6d7ZFjTc+vDMuKY/aelQN7dj9WhzdYAQSQ==",
            "cpu": [
                "arm64"
            ],
            "optional": true,
            "os": [
                "win32"
            ],
            "engines": {
                "node": ">=12"
            }
        },
        "node_modules/@bufbuild/buf-win32-x64": {
            "version": "1.26.1",
            "resolved": "https://registry.npmjs.org/@bufbuild/buf-win32-x64/-/buf-win32-x64-1.26.1.tgz",
            "integrity": "sha512-k9Dy3Z9P96wYR43lUhUo0jbjMSo001+MRBlsadEYiw85POqx6RWVaGyHLrxC2Ly7g+aGMisey050OjqfCWtKTA==",
            "cpu": [
                "x64"
            ],
            "optional": true,
            "os": [
                "win32"
            ],
            "engines": {
                "node": ">=12"
            }
        },
        "node_modules/@bufbuild/connect": {
            "version": "0.13.0",
            "resolved": "https://registry.npmjs.org/@bufbuild/connect/-/connect-0.13.0.tgz",
            "integrity": "sha512-eZSMbVLyUFtXiZNORgCEvv580xKZeYQdMOWj2i/nxOcpXQcrEzTMTA7SZzWv4k4gveWCOSRoWmYDeOhfWXJv0g==",
            "peerDependencies": {
                "@bufbuild/protobuf": "^1.2.1"
            }
        },
        "node_modules/@bufbuild/connect-node": {
            "version": "0.13.0",
            "resolved": "https://registry.npmjs.org/@bufbuild/connect-node/-/connect-node-0.13.0.tgz",
            "integrity": "sha512-l9tYVWTD9qdVr3PD8iTLmJZoWQY4bYl4UXIyKqvNuqoaAm3pZZvrQXrz0ptS5NRWTVUKPV9DZp6Wbbch5/u55Q==",
            "dependencies": {
                "@bufbuild/connect": "0.13.0",
                "headers-polyfill": "^3.1.2"
            },
            "engines": {
                "node": ">=16.0.0"
            },
            "peerDependencies": {
                "@bufbuild/protobuf": "^1.2.1"
            }
        },
        "node_modules/@bufbuild/protobuf": {
            "version": "1.3.1",
            "resolved": "https://registry.npmjs.org/@bufbuild/protobuf/-/protobuf-1.3.1.tgz",
            "integrity": "sha512-BUyJWutgP2S8K/1NphOJokuwDckXS4qI2T1pGZAlkFdZchWae3jm6fCdkcGbLlM1QLOcNFFePd+7Feo4BYGrJQ=="
        },
        "node_modules/@bufbuild/protoc-gen-connect-es": {
            "version": "0.13.0",
            "resolved": "https://registry.npmjs.org/@bufbuild/protoc-gen-connect-es/-/protoc-gen-connect-es-0.13.0.tgz",
            "integrity": "sha512-4HbxWQ799ZLszJJIJsuVMFwkBx8DJ4VEhNDNtKpPJFsTdVUOp1LyFGY66Yjfj9vcuOeH44bS0ALE5pRP3rCxXA==",
            "dev": true,
            "dependencies": {
                "@bufbuild/protobuf": "^1.2.1",
                "@bufbuild/protoplugin": "^1.2.1"
            },
            "bin": {
                "protoc-gen-connect-es": "bin/protoc-gen-connect-es"
            },
            "engines": {
                "node": ">=16.0.0"
            },
            "peerDependencies": {
                "@bufbuild/connect": "0.13.0",
                "@bufbuild/protoc-gen-es": "^1.2.1"
            },
            "peerDependenciesMeta": {
                "@bufbuild/connect": {
                    "optional": true
                },
                "@bufbuild/protoc-gen-es": {
                    "optional": true
                }
            }
        },
        "node_modules/@bufbuild/protoc-gen-es": {
            "version": "1.3.1",
            "resolved": "https://registry.npmjs.org/@bufbuild/protoc-gen-es/-/protoc-gen-es-1.3.1.tgz",
            "integrity": "sha512-Eyk4T1Wh56WhS6RqC7nfYE9a2egejDAzOl5vv8emzSNfHKm6eGrwTiuE+ottg+G6SmC1hNr3NFbvNJJkI+5aSA==",
            "dev": true,
            "dependencies": {
                "@bufbuild/protoplugin": "1.3.1"
            },
            "bin": {
                "protoc-gen-es": "bin/protoc-gen-es"
            },
            "engines": {
                "node": ">=14"
            },
            "peerDependencies": {
                "@bufbuild/protobuf": "1.3.1"
            },
            "peerDependenciesMeta": {
                "@bufbuild/protobuf": {
                    "optional": true
                }
            }
        },
        "node_modules/@bufbuild/protoplugin": {
            "version": "1.3.1",
            "resolved": "https://registry.npmjs.org/@bufbuild/protoplugin/-/protoplugin-1.3.1.tgz",
            "integrity": "sha512-85mSp1FJzjF9uyhzlAS19KNS0CkGUq7dHonRplaTErbuhdBdAVGBPs5SVQpFlYD5j0nMHob8hKsnfA4g8QlrhQ==",
            "dev": true,
            "dependencies": {
                "@bufbuild/protobuf": "1.3.1",
                "@typescript/vfs": "^1.4.0",
                "typescript": "4.5.2"
            }
        },
        "node_modules/@connectrpc/connect": {
            "version": "1.0.0",
            "resolved": "https://registry.npmjs.org/@connectrpc/connect/-/connect-1.0.0.tgz",
            "integrity": "sha512-eqrCpSoAK8OHlKN3t3BbMGAzLT3rbl8XEgyazDokm5lyhYc68UcxN8ChfWjFzVpXOCMYaEAR/0NV64UOAEko9w==",
            "peerDependencies": {
                "@bufbuild/protobuf": "^1.2.1"
            }
        },
        "node_modules/@effect/schema": {
            "version": "0.39.2",
            "resolved": "https://registry.npmjs.org/@effect/schema/-/schema-0.39.2.tgz",
            "integrity": "sha512-UolykyRtrg+JHflZBfHK2p+w8IgP8u6kSkTq9VIggure12/2CFvlib9vphw4fJCN8cRd3gZo4LevU4FfS+ZLxw==",
            "peer": true,
            "dependencies": {
                "fast-check": "^3.12.0"
            },
            "peerDependencies": {
                "effect": "^2.0.0-next.39"
            }
        },
        "node_modules/@substreams/core": {
            "version": "0.2.0",
            "resolved": "https://registry.npmjs.org/@substreams/core/-/core-0.2.0.tgz",
            "integrity": "sha512-Red9Nn7AjKFFOO8wwLPI4tFL2C56tvcfP7pBU76xqffzAzN6BnMyx+iQsAwmOUUKXG5qCKfGZ7NDrWhVcjVl0w==",
            "dependencies": {
                "@connectrpc/connect": "^1.0.0"
            },
            "peerDependencies": {
                "@bufbuild/protobuf": "^1.3.1"
            }
        },
        "node_modules/@substreams/manifest": {
            "version": "0.1.0",
            "resolved": "https://registry.npmjs.org/@substreams/manifest/-/manifest-0.1.0.tgz",
            "integrity": "sha512-ZRe/uqXjD0sQaFchSdlrzojuDpaD9E0QLbYWcnsRpdA87yCMnk3tNiWsIdupLudD0uFWh48R5LT2Z/yHwWwXpw==",
            "dependencies": {
                "@substreams/core": "0.2.0"
            },
            "peerDependencies": {
                "@bufbuild/buf": "^1.26.1",
                "@bufbuild/protobuf": "^1.3.1",
                "@effect/schema": "^0.39.0",
                "yaml": "^2.3.2"
            }
        },
        "node_modules/@substreams/node": {
            "version": "0.2.2",
            "resolved": "https://registry.npmjs.org/@substreams/node/-/node-0.2.2.tgz",
            "integrity": "sha512-3NyVXd0KjbrVh1gwQ08rwRQ76Khl9sDE/PlwX2e0asq1KHe9F1EvoQLKVAHe+c+OL1Xyn5dmPoX56CXQwx7MmQ==",
            "dependencies": {
                "@bufbuild/connect": "latest",
                "@bufbuild/connect-node": "latest",
                "@bufbuild/protobuf": "latest",
                "@substreams/core": "^0.1.18"
            },
            "engines": {
                "node": ">=16"
            }
        },
        "node_modules/@substreams/node/node_modules/@bufbuild/connect": {
            "version": "0.12.0",
            "resolved": "https://registry.npmjs.org/@bufbuild/connect/-/connect-0.12.0.tgz",
            "integrity": "sha512-rYn3Akp7teOkvqxguLbf6QKizH37Yeo33lseV+JHDZC19CsAV9wrrZM17Sa+LNEBj/hrYtQF7EIcllgGxhv9aw==",
            "peerDependencies": {
                "@bufbuild/protobuf": "^1.2.1"
            }
        },
        "node_modules/@substreams/node/node_modules/@substreams/core": {
            "version": "0.1.19",
            "resolved": "https://registry.npmjs.org/@substreams/core/-/core-0.1.19.tgz",
            "integrity": "sha512-GEEkhJb1XUkBvlRzlA7JOXJnS5XmKO4C6ZPz2djxKkRr98EEWH2C1EGCiK/vBYt2trsOVnq/fYizaqRl6vXW5Q==",
            "dependencies": {
                "@bufbuild/connect": "^0.12.0",
                "@bufbuild/protobuf": "^1.2.1"
            }
        },
        "node_modules/@types/node": {
            "version": "20.8.2",
            "resolved": "https://registry.npmjs.org/@types/node/-/node-20.8.2.tgz",
            "integrity": "sha512-Vvycsc9FQdwhxE3y3DzeIxuEJbWGDsnrxvMADzTDF/lcdR9/K+AQIeAghTQsHtotg/q0j3WEOYS/jQgSdWue3w=="
        },
        "node_modules/@typescript/vfs": {
            "version": "1.5.0",
            "resolved": "https://registry.npmjs.org/@typescript/vfs/-/vfs-1.5.0.tgz",
            "integrity": "sha512-AJS307bPgbsZZ9ggCT3wwpg3VbTKMFNHfaY/uF0ahSkYYrPF2dSSKDNIDIQAHm9qJqbLvCsSJH7yN4Vs/CsMMg==",
            "dev": true,
            "dependencies": {
                "debug": "^4.1.1"
            }
        },
        "node_modules/debug": {
            "version": "4.3.4",
            "resolved": "https://registry.npmjs.org/debug/-/debug-4.3.4.tgz",
            "integrity": "sha512-PRWFHuSU3eDtQJPvnNY7Jcket1j0t5OuOsFzPPzsekD52Zl8qUfFIPEiswXqIvHWGVHOgX+7G/vCNNhehwxfkQ==",
            "dev": true,
            "dependencies": {
                "ms": "2.1.2"
            },
            "engines": {
                "node": ">=6.0"
            },
            "peerDependenciesMeta": {
                "supports-color": {
                    "optional": true
                }
            }
        },
        "node_modules/effect": {
            "version": "2.0.0-next.44",
            "resolved": "https://registry.npmjs.org/effect/-/effect-2.0.0-next.44.tgz",
            "integrity": "sha512-0oBnoqWW5u1b0AhmDiGZ/TX8La697YcCrTacEBU7v+gKZeH+bbVJwPEqesGagot0sErBrvyE0H9h7Si4lHhkuA==",
            "peer": true
        },
        "node_modules/fast-check": {
            "version": "3.13.1",
            "resolved": "https://registry.npmjs.org/fast-check/-/fast-check-3.13.1.tgz",
            "integrity": "sha512-Xp00tFuWd83i8rbG/4wU54qU+yINjQha7bXH2N4ARNTkyOimzHtUBJ5+htpdXk7RMaCOD/j2jxSjEt9u9ZPNeQ==",
            "funding": [
                {
                    "type": "individual",
                    "url": "https://github.com/sponsors/dubzzz"
                },
                {
                    "type": "opencollective",
                    "url": "https://opencollective.com/fast-check"
                }
            ],
            "peer": true,
            "dependencies": {
                "pure-rand": "^6.0.0"
            },
            "engines": {
                "node": ">=8.0.0"
            }
        },
        "node_modules/headers-polyfill": {
            "version": "3.3.0",
            "resolved": "https://registry.npmjs.org/headers-polyfill/-/headers-polyfill-3.3.0.tgz",
            "integrity": "sha512-5e57etwBpNcDc0b6KCVWEh/Ro063OxPvzVimUdM0/tsYM/T7Hfy3kknIGj78SFTOhNd8AZY41U8mOHoO4LzmIQ=="
        },
        "node_modules/ms": {
            "version": "2.1.2",
            "resolved": "https://registry.npmjs.org/ms/-/ms-2.1.2.tgz",
            "integrity": "sha512-sGkPx+VjMtmA6MX27oA4FBFELFCZZ4S4XqeGOXCv68tT+jb3vk/RyaKWP0PTKyWtmLSM0b+adUTEvbs1PEaH2w==",
            "dev": true
        },
        "node_modules/pure-rand": {
            "version": "6.0.4",
            "resolved": "https://registry.npmjs.org/pure-rand/-/pure-rand-6.0.4.tgz",
            "integrity": "sha512-LA0Y9kxMYv47GIPJy6MI84fqTd2HmYZI83W/kM/SkKfDlajnZYfmXFTxkbY+xSBPkLJxltMa9hIkmdc29eguMA==",
            "funding": [
                {
                    "type": "individual",
                    "url": "https://github.com/sponsors/dubzzz"
                },
                {
                    "type": "opencollective",
                    "url": "https://opencollective.com/fast-check"
                }
            ],
            "peer": true
        },
        "node_modules/typescript": {
            "version": "4.5.2",
            "resolved": "https://registry.npmjs.org/typescript/-/typescript-4.5.2.tgz",
            "integrity": "sha512-5BlMof9H1yGt0P8/WF+wPNw6GfctgGjXp5hkblpyT+8rkASSmkUKMXrxR0Xg8ThVCi/JnHQiKXeBaEwCeQwMFw==",
            "dev": true,
            "bin": {
                "tsc": "bin/tsc",
                "tsserver": "bin/tsserver"
            },
            "engines": {
                "node": ">=4.2.0"
            }
        },
        "node_modules/yaml": {
            "version": "2.3.2",
            "resolved": "https://registry.npmjs.org/yaml/-/yaml-2.3.2.tgz",
            "integrity": "sha512-N/lyzTPaJasoDmfV7YTrYCI0G/3ivm/9wdG0aHuheKowWQwGTsK0Eoiw6utmzAnI6pkJa0DUVygvp3spqqEKXg==",
            "peer": true,
            "engines": {
                "node": ">= 14"
            }
        }
    }
}
